// !$*UTF8*$!
{
	archiveVersion = 1;
	classes = {
	};
	objectVersion = 50;
	objects = {

/* Begin PBXBuildFile section */
		C089440F215E29670009A1D2 /* AppDelegate.m in Sources */ = {isa = PBXBuildFile; fileRef = C089440E215E29670009A1D2 /* AppDelegate.m */; };
		C0894412215E29670009A1D2 /* ViewController.m in Sources */ = {isa = PBXBuildFile; fileRef = C0894411215E29670009A1D2 /* ViewController.m */; };
		C0894415215E29670009A1D2 /* Main.storyboard in Resources */ = {isa = PBXBuildFile; fileRef = C0894413215E29670009A1D2 /* Main.storyboard */; };
		C0894417215E29680009A1D2 /* Assets.xcassets in Resources */ = {isa = PBXBuildFile; fileRef = C0894416215E29680009A1D2 /* Assets.xcassets */; };
		C089441A215E29680009A1D2 /* LaunchScreen.storyboard in Resources */ = {isa = PBXBuildFile; fileRef = C0894418215E29680009A1D2 /* LaunchScreen.storyboard */; };
		C089441D215E29680009A1D2 /* main.m in Sources */ = {isa = PBXBuildFile; fileRef = C089441C215E29680009A1D2 /* main.m */; };
		C0894426215E2FA90009A1D2 /* XBNormalSettingItem.m in Sources */ = {isa = PBXBuildFile; fileRef = C0894425215E2FA90009A1D2 /* XBNormalSettingItem.m */; };
		C0894429215E2FCE0009A1D2 /* XBNormalSettingCell.m in Sources */ = {isa = PBXBuildFile; fileRef = C0894428215E2FCE0009A1D2 /* XBNormalSettingCell.m */; };
		C089442C215F15E00009A1D2 /* UIView+Frame.m in Sources */ = {isa = PBXBuildFile; fileRef = C089442A215F15E00009A1D2 /* UIView+Frame.m */; };
/* End PBXBuildFile section */

/* Begin PBXFileReference section */
		C089440A215E29670009A1D2 /* XBNormalSetting.app */ = {isa = PBXFileReference; explicitFileType = wrapper.application; includeInIndex = 0; path = XBNormalSetting.app; sourceTree = BUILT_PRODUCTS_DIR; };
		C089440D215E29670009A1D2 /* AppDelegate.h */ = {isa = PBXFileReference; lastKnownFileType = sourcecode.c.h; path = AppDelegate.h; sourceTree = "<group>"; };
		C089440E215E29670009A1D2 /* AppDelegate.m */ = {isa = PBXFileReference; lastKnownFileType = sourcecode.c.objc; path = AppDelegate.m; sourceTree = "<group>"; };
		C0894410215E29670009A1D2 /* ViewController.h */ = {isa = PBXFileReference; lastKnownFileType = sourcecode.c.h; path = ViewController.h; sourceTree = "<group>"; };
		C0894411215E29670009A1D2 /* ViewController.m */ = {isa = PBXFileReference; lastKnownFileType = sourcecode.c.objc; path = ViewController.m; sourceTree = "<group>"; };
		C0894414215E29670009A1D2 /* Base */ = {isa = PBXFileReference; lastKnownFileType = file.storyboard; name = Base; path = Base.lproj/Main.storyboard; sourceTree = "<group>"; };
		C0894416215E29680009A1D2 /* Assets.xcassets */ = {isa = PBXFileReference; lastKnownFileType = folder.assetcatalog; path = Assets.xcassets; sourceTree = "<group>"; };
		C0894419215E29680009A1D2 /* Base */ = {isa = PBXFileReference; lastKnownFileType = file.storyboard; name = Base; path = Base.lproj/LaunchScreen.storyboard; sourceTree = "<group>"; };
		C089441B215E29680009A1D2 /* Info.plist */ = {isa = PBXFileReference; lastKnownFileType = text.plist.xml; path = Info.plist; sourceTree = "<group>"; };
		C089441C215E29680009A1D2 /* main.m */ = {isa = PBXFileReference; lastKnownFileType = sourcecode.c.objc; path = main.m; sourceTree = "<group>"; };
		C0894424215E2FA90009A1D2 /* XBNormalSettingItem.h */ = {isa = PBXFileReference; lastKnownFileType = sourcecode.c.h; path = XBNormalSettingItem.h; sourceTree = "<group>"; };
		C0894425215E2FA90009A1D2 /* XBNormalSettingItem.m */ = {isa = PBXFileReference; lastKnownFileType = sourcecode.c.objc; path = XBNormalSettingItem.m; sourceTree = "<group>"; };
		C0894427215E2FCE0009A1D2 /* XBNormalSettingCell.h */ = {isa = PBXFileReference; lastKnownFileType = sourcecode.c.h; path = XBNormalSettingCell.h; sourceTree = "<group>"; };
		C0894428215E2FCE0009A1D2 /* XBNormalSettingCell.m */ = {isa = PBXFileReference; lastKnownFileType = sourcecode.c.objc; path = XBNormalSettingCell.m; sourceTree = "<group>"; };
		C089442A215F15E00009A1D2 /* UIView+Frame.m */ = {isa = PBXFileReference; fileEncoding = 4; lastKnownFileType = sourcecode.c.objc; path = "UIView+Frame.m"; sourceTree = "<group>"; };
		C089442B215F15E00009A1D2 /* UIView+Frame.h */ = {isa = PBXFileReference; fileEncoding = 4; lastKnownFileType = sourcecode.c.h; path = "UIView+Frame.h"; sourceTree = "<group>"; };
/* End PBXFileReference section */

/* Begin PBXFrameworksBuildPhase section */
		C0894407215E29670009A1D2 /* Frameworks */ = {
			isa = PBXFrameworksBuildPhase;
			buildActionMask = 2147483647;
			files = (
			);
			runOnlyForDeploymentPostprocessing = 0;
		};
/* End PBXFrameworksBuildPhase section */

/* Begin PBXGroup section */
		C0894401215E29670009A1D2 = {
			isa = PBXGroup;
			children = (
				C089440C215E29670009A1D2 /* XBNormalSetting */,
				C089440B215E29670009A1D2 /* Products */,
			);
			sourceTree = "<group>";
		};
		C089440B215E29670009A1D2 /* Products */ = {
			isa = PBXGroup;
			children = (
				C089440A215E29670009A1D2 /* XBNormalSetting.app */,
			);
			name = Products;
			sourceTree = "<group>";
		};
		C089440C215E29670009A1D2 /* XBNormalSetting */ = {
			isa = PBXGroup;
			children = (
				C0894423215E2F7F0009A1D2 /* XBNormalSetting */,
				C089440D215E29670009A1D2 /* AppDelegate.h */,
				C089440E215E29670009A1D2 /* AppDelegate.m */,
				C0894410215E29670009A1D2 /* ViewController.h */,
				C0894411215E29670009A1D2 /* ViewController.m */,
				C0894413215E29670009A1D2 /* Main.storyboard */,
				C0894416215E29680009A1D2 /* Assets.xcassets */,
				C0894418215E29680009A1D2 /* LaunchScreen.storyboard */,
				C089441B215E29680009A1D2 /* Info.plist */,
				C089441C215E29680009A1D2 /* main.m */,
			);
			path = XBNormalSetting;
			sourceTree = "<group>";
		};
		C0894423215E2F7F0009A1D2 /* XBNormalSetting */ = {
			isa = PBXGroup;
			children = (
				C089442B215F15E00009A1D2 /* UIView+Frame.h */,
				C089442A215F15E00009A1D2 /* UIView+Frame.m */,
				C0894424215E2FA90009A1D2 /* XBNormalSettingItem.h */,
				C0894425215E2FA90009A1D2 /* XBNormalSettingItem.m */,
				C0894427215E2FCE0009A1D2 /* XBNormalSettingCell.h */,
				C0894428215E2FCE0009A1D2 /* XBNormalSettingCell.m */,
			);
			path = XBNormalSetting;
			sourceTree = "<group>";
		};
/* End PBXGroup section */

/* Begin PBXNativeTarget section */
		C0894409215E29670009A1D2 /* XBNormalSetting */ = {
			isa = PBXNativeTarget;
			buildConfigurationList = C0894420215E29680009A1D2 /* Build configuration list for PBXNativeTarget "XBNormalSetting" */;
			buildPhases = (
				C0894406215E29670009A1D2 /* Sources */,
				C0894407215E29670009A1D2 /* Frameworks */,
				C0894408215E29670009A1D2 /* Resources */,
			);
			buildRules = (
			);
			dependencies = (
			);
			name = XBNormalSetting;
			productName = XBNormalSetting;
			productReference = C089440A215E29670009A1D2 /* XBNormalSetting.app */;
			productType = "com.apple.product-type.application";
		};
/* End PBXNativeTarget section */

/* Begin PBXProject section */
		C0894402215E29670009A1D2 /* Project object */ = {
			isa = PBXProject;
			attributes = {
				LastUpgradeCheck = 1000;
				ORGANIZATIONNAME = XXB;
				TargetAttributes = {
					C0894409215E29670009A1D2 = {
						CreatedOnToolsVersion = 10.0;
					};
				};
			};
			buildConfigurationList = C0894405215E29670009A1D2 /* Build configuration list for PBXProject "XBNormalSetting" */;
			compatibilityVersion = "Xcode 9.3";
			developmentRegion = en;
			hasScannedForEncodings = 0;
			knownRegions = (
				en,
				Base,
			);
			mainGroup = C0894401215E29670009A1D2;
			productRefGroup = C089440B215E29670009A1D2 /* Products */;
			projectDirPath = "";
			projectRoot = "";
			targets = (
				C0894409215E29670009A1D2 /* XBNormalSetting */,
			);
		};
/* End PBXProject section */

/* Begin PBXResourcesBuildPhase section */
		C0894408215E29670009A1D2 /* Resources */ = {
			isa = PBXResourcesBuildPhase;
			buildActionMask = 2147483647;
			files = (
				C089441A215E29680009A1D2 /* LaunchScreen.storyboard in Resources */,
				C0894417215E29680009A1D2 /* Assets.xcassets in Resources */,
				C0894415215E29670009A1D2 /* Main.storyboard in Resources */,
			);
			runOnlyForDeploymentPostprocessing = 0;
		};
/* End PBXResourcesBuildPhase section */

/* Begin PBXSourcesBuildPhase section */
		C0894406215E29670009A1D2 /* Sources */ = {
			isa = PBXSourcesBuildPhase;
			buildActionMask = 2147483647;
			files = (
				C089442C215F15E00009A1D2 /* UIView+Frame.m in Sources */,
				C0894426215E2FA90009A1D2 /* XBNormalSettingItem.m in Sources */,
				C0894412215E29670009A1D2 /* ViewController.m in Sources */,
				C0894429215E2FCE0009A1D2 /* XBNormalSettingCell.m in Sources */,
				C089441D215E29680009A1D2 /* main.m in Sources */,
				C089440F215E29670009A1D2 /* AppDelegate.m in Sources */,
			);
			runOnlyForDeploymentPostprocessing = 0;
		};
/* End PBXSourcesBuildPhase section */

/* Begin PBXVariantGroup section */
		C0894413215E29670009A1D2 /* Main.storyboard */ = {
			isa = PBXVariantGroup;
			children = (
				C0894414215E29670009A1D2 /* Base */,
			);
			name = Main.storyboard;
			sourceTree = "<group>";
		};
		C0894418215E29680009A1D2 /* LaunchScreen.storyboard */ = {
			isa = PBXVariantGroup;
			children = (
				C0894419215E29680009A1D2 /* Base */,
			);
			name = LaunchScreen.storyboard;
			sourceTree = "<group>";
		};
/* End PBXVariantGroup section */

/* Begin XCBuildConfiguration section */
		C089441E215E29680009A1D2 /* Debug */ = {
			isa = XCBuildConfiguration;
			buildSettings = {
				ALWAYS_SEARCH_USER_PATHS = NO;
				CLANG_ANALYZER_NONNULL = YES;
				CLANG_ANALYZER_NUMBER_OBJECT_CONVERSION = YES_AGGRESSIVE;
				CLANG_CXX_LANGUAGE_STANDARD = "gnu++14";
				CLANG_CXX_LIBRARY = "libc++";
				CLANG_ENABLE_MODULES = YES;
				CLANG_ENABLE_OBJC_ARC = YES;
				CLANG_ENABLE_OBJC_WEAK = YES;
				CLANG_WARN_BLOCK_CAPTURE_AUTORELEASING = YES;
				CLANG_WARN_BOOL_CONVERSION = YES;
				CLANG_WARN_COMMA = YES;
				CLANG_WARN_CONSTANT_CONVERSION = YES;
				CLANG_WARN_DEPRECATED_OBJC_IMPLEMENTATIONS = YES;
				CLANG_WARN_DIRECT_OBJC_ISA_USAGE = YES_ERROR;
				CLANG_WARN_DOCUMENTATION_COMMENTS = YES;
				CLANG_WARN_EMPTY_BODY = YES;
				CLANG_WARN_ENUM_CONVERSION = YES;
				CLANG_WARN_INFINITE_RECURSION = YES;
				CLANG_WARN_INT_CONVERSION = YES;
				CLANG_WARN_NON_LITERAL_NULL_CONVERSION = YES;
				CLANG_WARN_OBJC_IMPLICIT_RETAIN_SELF = YES;
				CLANG_WARN_OBJC_LITERAL_CONVERSION = YES;
				CLANG_WARN_OBJC_ROOT_CLASS = YES_ERROR;
				CLANG_WARN_RANGE_LOOP_ANALYSIS = YES;
				CLANG_WARN_STRICT_PROTOTYPES = YES;
				CLANG_WARN_SUSPICIOUS_MOVE = YES;
				CLANG_WARN_UNGUARDED_AVAILABILITY = YES_AGGRESSIVE;
				CLANG_WARN_UNREACHABLE_CODE = YES;
				CLANG_WARN__DUPLICATE_METHOD_MATCH = YES;
				CODE_SIGN_IDENTITY = "iPhone Developer";
				COPY_PHASE_STRIP = NO;
				DEBUG_INFORMATION_FORMAT = dwarf;
				ENABLE_STRICT_OBJC_MSGSEND = YES;
				ENABLE_TESTABILITY = YES;
				GCC_C_LANGUAGE_STANDARD = gnu11;
				GCC_DYNAMIC_NO_PIC = NO;
				GCC_NO_COMMON_BLOCKS = YES;
				GCC_OPTIMIZATION_LEVEL = 0;
				GCC_PREPROCESSOR_DEFINITIONS = (
					"DEBUG=1",
					"$(inherited)",
				);
				GCC_WARN_64_TO_32_BIT_CONVERSION = YES;
				GCC_WARN_ABOUT_RETURN_TYPE = YES_ERROR;
				GCC_WARN_UNDECLARED_SELECTOR = YES;
				GCC_WARN_UNINITIALIZED_AUTOS = YES_AGGRESSIVE;
				GCC_WARN_UNUSED_FUNCTION = YES;
				GCC_WARN_UNUSED_VARIABLE = YES;
				IPHONEOS_DEPLOYMENT_TARGET = 12.0;
				MTL_ENABLE_DEBUG_INFO = INCLUDE_SOURCE;
				MTL_FAST_MATH = YES;
				ONLY_ACTIVE_ARCH = YES;
				SDKROOT = iphoneos;
			};
			name = Debug;
		};
		C089441F215E29680009A1D2 /* Release */ = {
			isa = XCBuildConfiguration;
			buildSettings = {
				ALWAYS_SEARCH_USER_PATHS = NO;
				CLANG_ANALYZER_NONNULL = YES;
				CLANG_ANALYZER_NUMBER_OBJECT_CONVERSION = YES_AGGRESSIVE;
				CLANG_CXX_LANGUAGE_STANDARD = "gnu++14";
				CLANG_CXX_LIBRARY = "libc++";
				CLANG_ENABLE_MODULES = YES;
				CLANG_ENABLE_OBJC_ARC = YES;
				CLANG_ENABLE_OBJC_WEAK = YES;
				CLANG_WARN_BLOCK_CAPTURE_AUTORELEASING = YES;
				CLANG_WARN_BOOL_CONVERSION = YES;
				CLANG_WARN_COMMA = YES;
				CLANG_WARN_CONSTANT_CONVERSION = YES;
				CLANG_WARN_DEPRECATED_OBJC_IMPLEMENTATIONS = YES;
				CLANG_WARN_DIRECT_OBJC_ISA_USAGE = YES_ERROR;
				CLANG_WARN_DOCUMENTATION_COMMENTS = YES;
				CLANG_WARN_EMPTY_BODY = YES;
				CLANG_WARN_ENUM_CONVERSION = YES;
				CLANG_WARN_INFINITE_RECURSION = YES;
				CLANG_WARN_INT_CONVERSION = YES;
				CLANG_WARN_NON_LITERAL_NULL_CONVERSION = YES;
				CLANG_WARN_OBJC_IMPLICIT_RETAIN_SELF = YES;
				CLANG_WARN_OBJC_LITERAL_CONVERSION = YES;
				CLANG_WARN_OBJC_ROOT_CLASS = YES_ERROR;
				CLANG_WARN_RANGE_LOOP_ANALYSIS = YES;
				CLANG_WARN_STRICT_PROTOTYPES = YES;
				CLANG_WARN_SUSPICIOUS_MOVE = YES;
				CLANG_WARN_UNGUARDED_AVAILABILITY = YES_AGGRESSIVE;
				CLANG_WARN_UNREACHABLE_CODE = YES;
				CLANG_WARN__DUPLICATE_METHOD_MATCH = YES;
				CODE_SIGN_IDENTITY = "iPhone Developer";
				COPY_PHASE_STRIP = NO;
				DEBUG_INFORMATION_FORMAT = "dwarf-with-dsym";
				ENABLE_NS_ASSERTIONS = NO;
				ENABLE_STRICT_OBJC_MSGSEND = YES;
				GCC_C_LANGUAGE_STANDARD = gnu11;
				GCC_NO_COMMON_BLOCKS = YES;
				GCC_WARN_64_TO_32_BIT_CONVERSION = YES;
				GCC_WARN_ABOUT_RETURN_TYPE = YES_ERROR;
				GCC_WARN_UNDECLARED_SELECTOR = YES;
				GCC_WARN_UNINITIALIZED_AUTOS = YES_AGGRESSIVE;
				GCC_WARN_UNUSED_FUNCTION = YES;
				GCC_WARN_UNUSED_VARIABLE = YES;
				IPHONEOS_DEPLOYMENT_TARGET = 12.0;
				MTL_ENABLE_DEBUG_INFO = NO;
				MTL_FAST_MATH = YES;
				SDKROOT = iphoneos;
				VALIDATE_PRODUCT = YES;
			};
			name = Release;
		};
		C0894421215E29680009A1D2 /* Debug */ = {
			isa = XCBuildConfiguration;
			buildSettings = {
				ASSETCATALOG_COMPILER_APPICON_NAME = AppIcon;
				CODE_SIGN_STYLE = Automatic;
				DEVELOPMENT_TEAM = "";
				INFOPLIST_FILE = XBNormalSetting/Info.plist;
				LD_RUNPATH_SEARCH_PATHS = (
					"$(inherited)",
					"@executable_path/Frameworks",
				);
				PRODUCT_BUNDLE_IDENTIFIER = XXB.XBNormalSetting;
				PRODUCT_NAME = "$(TARGET_NAME)";
				TARGETED_DEVICE_FAMILY = "1,2";
			};
			name = Debug;
		};
		C0894422215E29680009A1D2 /* Release */ = {
			isa = XCBuildConfiguration;
			buildSettings = {
				ASSETCATALOG_COMPILER_APPICON_NAME = AppIcon;
				CODE_SIGN_STYLE = Automatic;
				DEVELOPMENT_TEAM = "";
				INFOPLIST_FILE = XBNormalSetting/Info.plist;
				LD_RUNPATH_SEARCH_PATHS = (
					"$(inherited)",
					"@executable_path/Frameworks",
				);
				PRODUCT_BUNDLE_IDENTIFIER = XXB.XBNormalSetting;
				PRODUCT_NAME = "$(TARGET_NAME)";
				TARGETED_DEVICE_FAMILY = "1,2";
			};
			name = Release;
		};
/* End XCBuildConfiguration section */

/* Begin XCConfigurationList section */
		C0894405215E29670009A1D2 /* Build configuration list for PBXProject "XBNormalSetting" */ = {
			isa = XCConfigurationList;
			buildConfigurations = (
				C089441E215E29680009A1D2 /* Debug */,
				C089441F215E29680009A1D2 /* Release */,
			);
			defaultConfigurationIsVisible = 0;
			defaultConfigurationName = Release;
		};
		C0894420215E29680009A1D2 /* Build configuration list for PBXNativeTarget "XBNormalSetting" */ = {
			isa = XCConfigurationList;
			buildConfigurations = (
				C0894421215E29680009A1D2 /* Debug */,
				C0894422215E29680009A1D2 /* Release */,
			);
			defaultConfigurationIsVisible = 0;
			defaultConfigurationName = Release;
		};
/* End XCConfigurationList section */
	};
	rootObject = C0894402215E29670009A1D2 /* Project object */;
}
